// !$*UTF8*$!
{
	archiveVersion = 1;
	classes = {
	};
	objectVersion = 60;
	objects = {

/* Begin PBXBuildFile section */
		B70A0B122C803016000DA0C1 /* zoomcml.xcframework in Frameworks */ = {isa = PBXBuildFile; fileRef = B70A0B112C803016000DA0C1 /* zoomcml.xcframework */; };
		B70A0B132C803016000DA0C1 /* zoomcml.xcframework in Embed Frameworks */ = {isa = PBXBuildFile; fileRef = B70A0B112C803016000DA0C1 /* zoomcml.xcframework */; settings = {ATTRIBUTES = (CodeSignOnCopy, RemoveHeadersOnCopy, ); }; };
		B70BE3D82C7C5A220018803F /* ZoomVideoSDK_iOS_SampleApp.swift in Sources */ = {isa = PBXBuildFile; fileRef = B70BE3D72C7C5A220018803F /* ZoomVideoSDK_iOS_SampleApp.swift */; };
		B70BE3DA2C7C5A220018803F /* ContentView.swift in Sources */ = {isa = PBXBuildFile; fileRef = B70BE3D92C7C5A220018803F /* ContentView.swift */; };
		B70BE3DC2C7C5A260018803F /* Assets.xcassets in Resources */ = {isa = PBXBuildFile; fileRef = B70BE3DB2C7C5A260018803F /* Assets.xcassets */; };
		B70BE3E02C7C5A260018803F /* Preview Assets.xcassets in Resources */ = {isa = PBXBuildFile; fileRef = B70BE3DF2C7C5A260018803F /* Preview Assets.xcassets */; };
		B70BE3E82C7C7D4D0018803F /* ZoomVideoSDK.xcframework in Frameworks */ = {isa = PBXBuildFile; fileRef = B70BE3E72C7C7D4D0018803F /* ZoomVideoSDK.xcframework */; };
		B70BE3E92C7C7D4E0018803F /* ZoomVideoSDK.xcframework in Embed Frameworks */ = {isa = PBXBuildFile; fileRef = B70BE3E72C7C7D4D0018803F /* ZoomVideoSDK.xcframework */; settings = {ATTRIBUTES = (CodeSignOnCopy, RemoveHeadersOnCopy, ); }; };
		B70BE3ED2C7C82AB0018803F /* Room.swift in Sources */ = {isa = PBXBuildFile; fileRef = B70BE3EC2C7C82AB0018803F /* Room.swift */; };
		B715871C2C7DD36B002F1189 /* ReplayKit.framework in Frameworks */ = {isa = PBXBuildFile; fileRef = B715871B2C7DD36B002F1189 /* ReplayKit.framework */; };
		B715871F2C7DD36B002F1189 /* SampleHandler.swift in Sources */ = {isa = PBXBuildFile; fileRef = B715871E2C7DD36B002F1189 /* SampleHandler.swift */; };
		B71587232C7DD36B002F1189 /* ScreenShare.appex in Embed Foundation Extensions */ = {isa = PBXBuildFile; fileRef = B715871A2C7DD36B002F1189 /* ScreenShare.appex */; settings = {ATTRIBUTES = (RemoveHeadersOnCopy, ); }; };
		B72347AD2C7EEB69005AA726 /* ZoomVideoSDKScreenShare.xcframework in Frameworks */ = {isa = PBXBuildFile; fileRef = B72347AC2C7EEB69005AA726 /* ZoomVideoSDKScreenShare.xcframework */; };
		B72347B32C7EEB86005AA726 /* CoreGraphics.framework in Frameworks */ = {isa = PBXBuildFile; fileRef = B72347B02C7EEB86005AA726 /* CoreGraphics.framework */; };
		B72347B42C7EEB86005AA726 /* CoreVideo.framework in Frameworks */ = {isa = PBXBuildFile; fileRef = B72347B12C7EEB86005AA726 /* CoreVideo.framework */; };
		B72347B52C7EEB86005AA726 /* CoreMedia.framework in Frameworks */ = {isa = PBXBuildFile; fileRef = B72347B22C7EEB86005AA726 /* CoreMedia.framework */; };
		B72347B72C7EEB8D005AA726 /* VideoToolbox.framework in Frameworks */ = {isa = PBXBuildFile; fileRef = B72347B62C7EEB8D005AA726 /* VideoToolbox.framework */; };
/* End PBXBuildFile section */

/* Begin PBXContainerItemProxy section */
		B71587212C7DD36B002F1189 /* PBXContainerItemProxy */ = {
			isa = PBXContainerItemProxy;
			containerPortal = B70BE3CC2C7C5A220018803F /* Project object */;
			proxyType = 1;
			remoteGlobalIDString = B71587192C7DD36B002F1189;
			remoteInfo = ScreenShare;
		};
/* End PBXContainerItemProxy section */

/* Begin PBXCopyFilesBuildPhase section */
		B70BE3EA2C7C7D4E0018803F /* Embed Frameworks */ = {
			isa = PBXCopyFilesBuildPhase;
			buildActionMask = 2147483647;
			dstPath = "";
			dstSubfolderSpec = 10;
			files = (
				B70BE3E92C7C7D4E0018803F /* ZoomVideoSDK.xcframework in Embed Frameworks */,
				B70A0B132C803016000DA0C1 /* zoomcml.xcframework in Embed Frameworks */,
			);
			name = "Embed Frameworks";
			runOnlyForDeploymentPostprocessing = 0;
		};
		B71587242C7DD36B002F1189 /* Embed Foundation Extensions */ = {
			isa = PBXCopyFilesBuildPhase;
			buildActionMask = 2147483647;
			dstPath = "";
			dstSubfolderSpec = 13;
			files = (
				B71587232C7DD36B002F1189 /* ScreenShare.appex in Embed Foundation Extensions */,
			);
			name = "Embed Foundation Extensions";
			runOnlyForDeploymentPostprocessing = 0;
		};
/* End PBXCopyFilesBuildPhase section */

/* Begin PBXFileReference section */
		B70A0B112C803016000DA0C1 /* zoomcml.xcframework */ = {isa = PBXFileReference; expectedSignature = "AppleDeveloperProgram:BJ4HAAB9B3:Zoom Video Communications, Inc."; lastKnownFileType = wrapper.xcframework; name = zoomcml.xcframework; path = "lib/zoom-video-sdk-iOS/zoomcml.xcframework"; sourceTree = "<group>"; };
		B70BE3D42C7C5A220018803F /* ZoomVideoSDK-iOS-Sample.app */ = {isa = PBXFileReference; explicitFileType = wrapper.application; includeInIndex = 0; path = "ZoomVideoSDK-iOS-Sample.app"; sourceTree = BUILT_PRODUCTS_DIR; };
		B70BE3D72C7C5A220018803F /* ZoomVideoSDK_iOS_SampleApp.swift */ = {isa = PBXFileReference; lastKnownFileType = sourcecode.swift; path = ZoomVideoSDK_iOS_SampleApp.swift; sourceTree = "<group>"; };
		B70BE3D92C7C5A220018803F /* ContentView.swift */ = {isa = PBXFileReference; lastKnownFileType = sourcecode.swift; path = ContentView.swift; sourceTree = "<group>"; };
		B70BE3DB2C7C5A260018803F /* Assets.xcassets */ = {isa = PBXFileReference; lastKnownFileType = folder.assetcatalog; path = Assets.xcassets; sourceTree = "<group>"; };
		B70BE3DD2C7C5A260018803F /* ZoomVideoSDK_iOS_Sample.entitlements */ = {isa = PBXFileReference; lastKnownFileType = text.plist.entitlements; path = ZoomVideoSDK_iOS_Sample.entitlements; sourceTree = "<group>"; };
		B70BE3DF2C7C5A260018803F /* Preview Assets.xcassets */ = {isa = PBXFileReference; lastKnownFileType = folder.assetcatalog; path = "Preview Assets.xcassets"; sourceTree = "<group>"; };
		B70BE3E72C7C7D4D0018803F /* ZoomVideoSDK.xcframework */ = {isa = PBXFileReference; expectedSignature = "AppleDeveloperProgram:BJ4HAAB9B3:Zoom Video Communications, Inc."; lastKnownFileType = wrapper.xcframework; name = ZoomVideoSDK.xcframework; path = "lib/zoom-video-sdk-iOS/ZoomVideoSDK.xcframework"; sourceTree = "<group>"; };
		B70BE3EC2C7C82AB0018803F /* Room.swift */ = {isa = PBXFileReference; lastKnownFileType = sourcecode.swift; path = Room.swift; sourceTree = "<group>"; };
		B715871A2C7DD36B002F1189 /* ScreenShare.appex */ = {isa = PBXFileReference; explicitFileType = "wrapper.app-extension"; includeInIndex = 0; path = ScreenShare.appex; sourceTree = BUILT_PRODUCTS_DIR; };
		B715871B2C7DD36B002F1189 /* ReplayKit.framework */ = {isa = PBXFileReference; lastKnownFileType = wrapper.framework; name = ReplayKit.framework; path = System/Library/Frameworks/ReplayKit.framework; sourceTree = SDKROOT; };
		B715871E2C7DD36B002F1189 /* SampleHandler.swift */ = {isa = PBXFileReference; lastKnownFileType = sourcecode.swift; path = SampleHandler.swift; sourceTree = "<group>"; };
		B71587202C7DD36B002F1189 /* Info.plist */ = {isa = PBXFileReference; lastKnownFileType = text.plist.xml; path = Info.plist; sourceTree = "<group>"; };
		B71587282C7DD4AD002F1189 /* Info.plist */ = {isa = PBXFileReference; lastKnownFileType = text.plist; path = Info.plist; sourceTree = "<group>"; };
		B72347AC2C7EEB69005AA726 /* ZoomVideoSDKScreenShare.xcframework */ = {isa = PBXFileReference; expectedSignature = "AppleDeveloperProgram:BJ4HAAB9B3:Zoom Video Communications, Inc."; lastKnownFileType = wrapper.xcframework; name = ZoomVideoSDKScreenShare.xcframework; path = "lib/zoom-video-sdk-iOS/ZoomVideoSDKScreenShare.xcframework"; sourceTree = "<group>"; };
		B72347B02C7EEB86005AA726 /* CoreGraphics.framework */ = {isa = PBXFileReference; lastKnownFileType = wrapper.framework; name = CoreGraphics.framework; path = Platforms/iPhoneOS.platform/Developer/SDKs/iPhoneOS17.5.sdk/System/Library/Frameworks/CoreGraphics.framework; sourceTree = DEVELOPER_DIR; };
		B72347B12C7EEB86005AA726 /* CoreVideo.framework */ = {isa = PBXFileReference; lastKnownFileType = wrapper.framework; name = CoreVideo.framework; path = Platforms/iPhoneOS.platform/Developer/SDKs/iPhoneOS17.5.sdk/System/Library/Frameworks/CoreVideo.framework; sourceTree = DEVELOPER_DIR; };
		B72347B22C7EEB86005AA726 /* CoreMedia.framework */ = {isa = PBXFileReference; lastKnownFileType = wrapper.framework; name = CoreMedia.framework; path = Platforms/iPhoneOS.platform/Developer/SDKs/iPhoneOS17.5.sdk/System/Library/Frameworks/CoreMedia.framework; sourceTree = DEVELOPER_DIR; };
		B72347B62C7EEB8D005AA726 /* VideoToolbox.framework */ = {isa = PBXFileReference; lastKnownFileType = wrapper.framework; name = VideoToolbox.framework; path = Platforms/iPhoneOS.platform/Developer/SDKs/iPhoneOS17.5.sdk/System/Library/Frameworks/VideoToolbox.framework; sourceTree = DEVELOPER_DIR; };
		B72347B82C7EEC05005AA726 /* ScreenShare-Bridging-Header.h */ = {isa = PBXFileReference; lastKnownFileType = sourcecode.c.h; path = "ScreenShare-Bridging-Header.h"; sourceTree = "<group>"; };
		B72347BB2C7EEF9D005AA726 /* ScreenShare.entitlements */ = {isa = PBXFileReference; lastKnownFileType = text.plist.entitlements; path = ScreenShare.entitlements; sourceTree = "<group>"; };
/* End PBXFileReference section */

/* Begin PBXFrameworksBuildPhase section */
		B70BE3D12C7C5A220018803F /* Frameworks */ = {
			isa = PBXFrameworksBuildPhase;
			buildActionMask = 2147483647;
			files = (
				B70BE3E82C7C7D4D0018803F /* ZoomVideoSDK.xcframework in Frameworks */,
				B70A0B122C803016000DA0C1 /* zoomcml.xcframework in Frameworks */,
			);
			runOnlyForDeploymentPostprocessing = 0;
		};
		B71587172C7DD36B002F1189 /* Frameworks */ = {
			isa = PBXFrameworksBuildPhase;
			buildActionMask = 2147483647;
			files = (
				B72347B32C7EEB86005AA726 /* CoreGraphics.framework in Frameworks */,
				B715871C2C7DD36B002F1189 /* ReplayKit.framework in Frameworks */,
				B72347B72C7EEB8D005AA726 /* VideoToolbox.framework in Frameworks */,
				B72347AD2C7EEB69005AA726 /* ZoomVideoSDKScreenShare.xcframework in Frameworks */,
				B72347B42C7EEB86005AA726 /* CoreVideo.framework in Frameworks */,
				B72347B52C7EEB86005AA726 /* CoreMedia.framework in Frameworks */,
			);
			runOnlyForDeploymentPostprocessing = 0;
		};
/* End PBXFrameworksBuildPhase section */

/* Begin PBXGroup section */
		B70BE3CB2C7C5A220018803F = {
			isa = PBXGroup;
			children = (
				B70BE3D62C7C5A220018803F /* ZoomVideoSDK-iOS-Sample */,
				B715871D2C7DD36B002F1189 /* ScreenShare */,
				B70BE3D52C7C5A220018803F /* Products */,
				B70BE3E62C7C7D4D0018803F /* Frameworks */,
			);
			sourceTree = "<group>";
		};
		B70BE3D52C7C5A220018803F /* Products */ = {
			isa = PBXGroup;
			children = (
				B70BE3D42C7C5A220018803F /* ZoomVideoSDK-iOS-Sample.app */,
				B715871A2C7DD36B002F1189 /* ScreenShare.appex */,
			);
			name = Products;
			sourceTree = "<group>";
		};
		B70BE3D62C7C5A220018803F /* ZoomVideoSDK-iOS-Sample */ = {
			isa = PBXGroup;
			children = (
				B71587282C7DD4AD002F1189 /* Info.plist */,
				B70BE3D72C7C5A220018803F /* ZoomVideoSDK_iOS_SampleApp.swift */,
				B70BE3D92C7C5A220018803F /* ContentView.swift */,
				B70BE3DB2C7C5A260018803F /* Assets.xcassets */,
				B70BE3DD2C7C5A260018803F /* ZoomVideoSDK_iOS_Sample.entitlements */,
				B70BE3DE2C7C5A260018803F /* Preview Content */,
				B70BE3EC2C7C82AB0018803F /* Room.swift */,
			);
			path = "ZoomVideoSDK-iOS-Sample";
			sourceTree = "<group>";
		};
		B70BE3DE2C7C5A260018803F /* Preview Content */ = {
			isa = PBXGroup;
			children = (
				B70BE3DF2C7C5A260018803F /* Preview Assets.xcassets */,
			);
			path = "Preview Content";
			sourceTree = "<group>";
		};
		B70BE3E62C7C7D4D0018803F /* Frameworks */ = {
			isa = PBXGroup;
			children = (
				B70A0B112C803016000DA0C1 /* zoomcml.xcframework */,
				B72347B62C7EEB8D005AA726 /* VideoToolbox.framework */,
				B72347B02C7EEB86005AA726 /* CoreGraphics.framework */,
				B72347B22C7EEB86005AA726 /* CoreMedia.framework */,
				B72347B12C7EEB86005AA726 /* CoreVideo.framework */,
				B72347AC2C7EEB69005AA726 /* ZoomVideoSDKScreenShare.xcframework */,
				B70BE3E72C7C7D4D0018803F /* ZoomVideoSDK.xcframework */,
				B715871B2C7DD36B002F1189 /* ReplayKit.framework */,
			);
			name = Frameworks;
			sourceTree = "<group>";
		};
		B715871D2C7DD36B002F1189 /* ScreenShare */ = {
			isa = PBXGroup;
			children = (
				B72347BB2C7EEF9D005AA726 /* ScreenShare.entitlements */,
				B715871E2C7DD36B002F1189 /* SampleHandler.swift */,
				B71587202C7DD36B002F1189 /* Info.plist */,
				B72347B82C7EEC05005AA726 /* ScreenShare-Bridging-Header.h */,
			);
			path = ScreenShare;
			sourceTree = "<group>";
		};
/* End PBXGroup section */

/* Begin PBXNativeTarget section */
		B70BE3D32C7C5A220018803F /* ZoomVideoSDK-iOS-Sample */ = {
			isa = PBXNativeTarget;
			buildConfigurationList = B70BE3E32C7C5A260018803F /* Build configuration list for PBXNativeTarget "ZoomVideoSDK-iOS-Sample" */;
			buildPhases = (
				B70BE3D02C7C5A220018803F /* Sources */,
				B70BE3D12C7C5A220018803F /* Frameworks */,
				B70BE3D22C7C5A220018803F /* Resources */,
				B70BE3EA2C7C7D4E0018803F /* Embed Frameworks */,
				B71587242C7DD36B002F1189 /* Embed Foundation Extensions */,
			);
			buildRules = (
			);
			dependencies = (
				B71587222C7DD36B002F1189 /* PBXTargetDependency */,
			);
			name = "ZoomVideoSDK-iOS-Sample";
			productName = "ZoomVideoSDK-iOS-Sample";
			productReference = B70BE3D42C7C5A220018803F /* ZoomVideoSDK-iOS-Sample.app */;
			productType = "com.apple.product-type.application";
		};
		B71587192C7DD36B002F1189 /* ScreenShare */ = {
			isa = PBXNativeTarget;
			buildConfigurationList = B71587272C7DD36B002F1189 /* Build configuration list for PBXNativeTarget "ScreenShare" */;
			buildPhases = (
				B71587162C7DD36B002F1189 /* Sources */,
				B71587172C7DD36B002F1189 /* Frameworks */,
				B71587182C7DD36B002F1189 /* Resources */,
			);
			buildRules = (
			);
			dependencies = (
			);
			name = ScreenShare;
			productName = ScreenShare;
			productReference = B715871A2C7DD36B002F1189 /* ScreenShare.appex */;
			productType = "com.apple.product-type.app-extension";
		};
/* End PBXNativeTarget section */

/* Begin PBXProject section */
		B70BE3CC2C7C5A220018803F /* Project object */ = {
			isa = PBXProject;
			attributes = {
				BuildIndependentTargetsInParallel = 1;
				LastSwiftUpdateCheck = 1540;
				LastUpgradeCheck = 1540;
				TargetAttributes = {
					B70BE3D32C7C5A220018803F = {
						CreatedOnToolsVersion = 15.4;
					};
					B71587192C7DD36B002F1189 = {
						CreatedOnToolsVersion = 15.4;
						LastSwiftMigration = 1540;
					};
				};
			};
			buildConfigurationList = B70BE3CF2C7C5A220018803F /* Build configuration list for PBXProject "ZoomVideoSDK-iOS-Sample" */;
			compatibilityVersion = "Xcode 14.0";
			developmentRegion = en;
			hasScannedForEncodings = 0;
			knownRegions = (
				en,
				Base,
			);
			mainGroup = B70BE3CB2C7C5A220018803F;
			productRefGroup = B70BE3D52C7C5A220018803F /* Products */;
			projectDirPath = "";
			projectRoot = "";
			targets = (
				B70BE3D32C7C5A220018803F /* ZoomVideoSDK-iOS-Sample */,
				B71587192C7DD36B002F1189 /* ScreenShare */,
			);
		};
/* End PBXProject section */

/* Begin PBXResourcesBuildPhase section */
		B70BE3D22C7C5A220018803F /* Resources */ = {
			isa = PBXResourcesBuildPhase;
			buildActionMask = 2147483647;
			files = (
				B70BE3E02C7C5A260018803F /* Preview Assets.xcassets in Resources */,
				B70BE3DC2C7C5A260018803F /* Assets.xcassets in Resources */,
			);
			runOnlyForDeploymentPostprocessing = 0;
		};
		B71587182C7DD36B002F1189 /* Resources */ = {
			isa = PBXResourcesBuildPhase;
			buildActionMask = 2147483647;
			files = (
			);
			runOnlyForDeploymentPostprocessing = 0;
		};
/* End PBXResourcesBuildPhase section */

/* Begin PBXSourcesBuildPhase section */
		B70BE3D02C7C5A220018803F /* Sources */ = {
			isa = PBXSourcesBuildPhase;
			buildActionMask = 2147483647;
			files = (
				B70BE3DA2C7C5A220018803F /* ContentView.swift in Sources */,
				B70BE3D82C7C5A220018803F /* ZoomVideoSDK_iOS_SampleApp.swift in Sources */,
				B70BE3ED2C7C82AB0018803F /* Room.swift in Sources */,
			);
			runOnlyForDeploymentPostprocessing = 0;
		};
		B71587162C7DD36B002F1189 /* Sources */ = {
			isa = PBXSourcesBuildPhase;
			buildActionMask = 2147483647;
			files = (
				B715871F2C7DD36B002F1189 /* SampleHandler.swift in Sources */,
			);
			runOnlyForDeploymentPostprocessing = 0;
		};
/* End PBXSourcesBuildPhase section */

/* Begin PBXTargetDependency section */
		B71587222C7DD36B002F1189 /* PBXTargetDependency */ = {
			isa = PBXTargetDependency;
			target = B71587192C7DD36B002F1189 /* ScreenShare */;
			targetProxy = B71587212C7DD36B002F1189 /* PBXContainerItemProxy */;
		};
/* End PBXTargetDependency section */

/* Begin XCBuildConfiguration section */
		B70BE3E12C7C5A260018803F /* Debug */ = {
			isa = XCBuildConfiguration;
			buildSettings = {
				ALWAYS_SEARCH_USER_PATHS = NO;
				ASSETCATALOG_COMPILER_GENERATE_SWIFT_ASSET_SYMBOL_EXTENSIONS = YES;
				CLANG_ANALYZER_NONNULL = YES;
				CLANG_ANALYZER_NUMBER_OBJECT_CONVERSION = YES_AGGRESSIVE;
				CLANG_CXX_LANGUAGE_STANDARD = "gnu++20";
				CLANG_ENABLE_MODULES = YES;
				CLANG_ENABLE_OBJC_ARC = YES;
				CLANG_ENABLE_OBJC_WEAK = YES;
				CLANG_WARN_BLOCK_CAPTURE_AUTORELEASING = YES;
				CLANG_WARN_BOOL_CONVERSION = YES;
				CLANG_WARN_COMMA = YES;
				CLANG_WARN_CONSTANT_CONVERSION = YES;
				CLANG_WARN_DEPRECATED_OBJC_IMPLEMENTATIONS = YES;
				CLANG_WARN_DIRECT_OBJC_ISA_USAGE = YES_ERROR;
				CLANG_WARN_DOCUMENTATION_COMMENTS = YES;
				CLANG_WARN_EMPTY_BODY = YES;
				CLANG_WARN_ENUM_CONVERSION = YES;
				CLANG_WARN_INFINITE_RECURSION = YES;
				CLANG_WARN_INT_CONVERSION = YES;
				CLANG_WARN_NON_LITERAL_NULL_CONVERSION = YES;
				CLANG_WARN_OBJC_IMPLICIT_RETAIN_SELF = YES;
				CLANG_WARN_OBJC_LITERAL_CONVERSION = YES;
				CLANG_WARN_OBJC_ROOT_CLASS = YES_ERROR;
				CLANG_WARN_QUOTED_INCLUDE_IN_FRAMEWORK_HEADER = YES;
				CLANG_WARN_RANGE_LOOP_ANALYSIS = YES;
				CLANG_WARN_STRICT_PROTOTYPES = YES;
				CLANG_WARN_SUSPICIOUS_MOVE = YES;
				CLANG_WARN_UNGUARDED_AVAILABILITY = YES_AGGRESSIVE;
				CLANG_WARN_UNREACHABLE_CODE = YES;
				CLANG_WARN__DUPLICATE_METHOD_MATCH = YES;
				COPY_PHASE_STRIP = NO;
				DEBUG_INFORMATION_FORMAT = dwarf;
				ENABLE_STRICT_OBJC_MSGSEND = YES;
				ENABLE_TESTABILITY = YES;
				ENABLE_USER_SCRIPT_SANDBOXING = YES;
				GCC_C_LANGUAGE_STANDARD = gnu17;
				GCC_DYNAMIC_NO_PIC = NO;
				GCC_NO_COMMON_BLOCKS = YES;
				GCC_OPTIMIZATION_LEVEL = 0;
				GCC_PREPROCESSOR_DEFINITIONS = (
					"DEBUG=1",
					"$(inherited)",
				);
				GCC_WARN_64_TO_32_BIT_CONVERSION = YES;
				GCC_WARN_ABOUT_RETURN_TYPE = YES_ERROR;
				GCC_WARN_UNDECLARED_SELECTOR = YES;
				GCC_WARN_UNINITIALIZED_AUTOS = YES_AGGRESSIVE;
				GCC_WARN_UNUSED_FUNCTION = YES;
				GCC_WARN_UNUSED_VARIABLE = YES;
				LOCALIZATION_PREFERS_STRING_CATALOGS = YES;
				MTL_ENABLE_DEBUG_INFO = INCLUDE_SOURCE;
				MTL_FAST_MATH = YES;
				ONLY_ACTIVE_ARCH = YES;
				SWIFT_ACTIVE_COMPILATION_CONDITIONS = "DEBUG $(inherited)";
				SWIFT_OPTIMIZATION_LEVEL = "-Onone";
			};
			name = Debug;
		};
		B70BE3E22C7C5A260018803F /* Release */ = {
			isa = XCBuildConfiguration;
			buildSettings = {
				ALWAYS_SEARCH_USER_PATHS = NO;
				ASSETCATALOG_COMPILER_GENERATE_SWIFT_ASSET_SYMBOL_EXTENSIONS = YES;
				CLANG_ANALYZER_NONNULL = YES;
				CLANG_ANALYZER_NUMBER_OBJECT_CONVERSION = YES_AGGRESSIVE;
				CLANG_CXX_LANGUAGE_STANDARD = "gnu++20";
				CLANG_ENABLE_MODULES = YES;
				CLANG_ENABLE_OBJC_ARC = YES;
				CLANG_ENABLE_OBJC_WEAK = YES;
				CLANG_WARN_BLOCK_CAPTURE_AUTORELEASING = YES;
				CLANG_WARN_BOOL_CONVERSION = YES;
				CLANG_WARN_COMMA = YES;
				CLANG_WARN_CONSTANT_CONVERSION = YES;
				CLANG_WARN_DEPRECATED_OBJC_IMPLEMENTATIONS = YES;
				CLANG_WARN_DIRECT_OBJC_ISA_USAGE = YES_ERROR;
				CLANG_WARN_DOCUMENTATION_COMMENTS = YES;
				CLANG_WARN_EMPTY_BODY = YES;
				CLANG_WARN_ENUM_CONVERSION = YES;
				CLANG_WARN_INFINITE_RECURSION = YES;
				CLANG_WARN_INT_CONVERSION = YES;
				CLANG_WARN_NON_LITERAL_NULL_CONVERSION = YES;
				CLANG_WARN_OBJC_IMPLICIT_RETAIN_SELF = YES;
				CLANG_WARN_OBJC_LITERAL_CONVERSION = YES;
				CLANG_WARN_OBJC_ROOT_CLASS = YES_ERROR;
				CLANG_WARN_QUOTED_INCLUDE_IN_FRAMEWORK_HEADER = YES;
				CLANG_WARN_RANGE_LOOP_ANALYSIS = YES;
				CLANG_WARN_STRICT_PROTOTYPES = YES;
				CLANG_WARN_SUSPICIOUS_MOVE = YES;
				CLANG_WARN_UNGUARDED_AVAILABILITY = YES_AGGRESSIVE;
				CLANG_WARN_UNREACHABLE_CODE = YES;
				CLANG_WARN__DUPLICATE_METHOD_MATCH = YES;
				COPY_PHASE_STRIP = NO;
				DEBUG_INFORMATION_FORMAT = "dwarf-with-dsym";
				ENABLE_NS_ASSERTIONS = NO;
				ENABLE_STRICT_OBJC_MSGSEND = YES;
				ENABLE_USER_SCRIPT_SANDBOXING = YES;
				GCC_C_LANGUAGE_STANDARD = gnu17;
				GCC_NO_COMMON_BLOCKS = YES;
				GCC_WARN_64_TO_32_BIT_CONVERSION = YES;
				GCC_WARN_ABOUT_RETURN_TYPE = YES_ERROR;
				GCC_WARN_UNDECLARED_SELECTOR = YES;
				GCC_WARN_UNINITIALIZED_AUTOS = YES_AGGRESSIVE;
				GCC_WARN_UNUSED_FUNCTION = YES;
				GCC_WARN_UNUSED_VARIABLE = YES;
				LOCALIZATION_PREFERS_STRING_CATALOGS = YES;
				MTL_ENABLE_DEBUG_INFO = NO;
				MTL_FAST_MATH = YES;
				SWIFT_COMPILATION_MODE = wholemodule;
			};
			name = Release;
		};
		B70BE3E42C7C5A260018803F /* Debug */ = {
			isa = XCBuildConfiguration;
			buildSettings = {
				ALWAYS_EMBED_SWIFT_STANDARD_LIBRARIES = YES;
				ASSETCATALOG_COMPILER_APPICON_NAME = AppIcon;
				ASSETCATALOG_COMPILER_GLOBAL_ACCENT_COLOR_NAME = AccentColor;
				CODE_SIGN_ENTITLEMENTS = "ZoomVideoSDK-iOS-Sample/ZoomVideoSDK_iOS_Sample.entitlements";
				CODE_SIGN_STYLE = Automatic;
				CURRENT_PROJECT_VERSION = 1;
				DEVELOPMENT_ASSET_PATHS = "\"ZoomVideoSDK-iOS-Sample/Preview Content\"";
				DEVELOPMENT_TEAM = 6Y45PRF4XB;
				ENABLE_HARDENED_RUNTIME = YES;
				ENABLE_PREVIEWS = YES;
				GENERATE_INFOPLIST_FILE = YES;
				INFOPLIST_FILE = "ZoomVideoSDK-iOS-Sample/Info.plist";
				INFOPLIST_KEY_NSCameraUsageDescription = cameraDesciption;
				INFOPLIST_KEY_NSMicrophoneUsageDescription = microphoneDesciption;
				"INFOPLIST_KEY_UIApplicationSceneManifest_Generation[sdk=iphoneos*]" = YES;
				"INFOPLIST_KEY_UIApplicationSceneManifest_Generation[sdk=iphonesimulator*]" = YES;
				"INFOPLIST_KEY_UIApplicationSupportsIndirectInputEvents[sdk=iphoneos*]" = YES;
				"INFOPLIST_KEY_UIApplicationSupportsIndirectInputEvents[sdk=iphonesimulator*]" = YES;
				"INFOPLIST_KEY_UILaunchScreen_Generation[sdk=iphoneos*]" = YES;
				"INFOPLIST_KEY_UILaunchScreen_Generation[sdk=iphonesimulator*]" = YES;
				"INFOPLIST_KEY_UIStatusBarStyle[sdk=iphoneos*]" = UIStatusBarStyleDefault;
				"INFOPLIST_KEY_UIStatusBarStyle[sdk=iphonesimulator*]" = UIStatusBarStyleDefault;
				INFOPLIST_KEY_UISupportedInterfaceOrientations_iPad = "UIInterfaceOrientationPortrait UIInterfaceOrientationPortraitUpsideDown UIInterfaceOrientationLandscapeLeft UIInterfaceOrientationLandscapeRight";
				INFOPLIST_KEY_UISupportedInterfaceOrientations_iPhone = "UIInterfaceOrientationPortrait UIInterfaceOrientationLandscapeLeft UIInterfaceOrientationLandscapeRight";
				IPHONEOS_DEPLOYMENT_TARGET = 17.5;
				LD_RUNPATH_SEARCH_PATHS = "@executable_path/Frameworks";
				"LD_RUNPATH_SEARCH_PATHS[sdk=macosx*]" = "@executable_path/../Frameworks";
				MACOSX_DEPLOYMENT_TARGET = 14.5;
				MARKETING_VERSION = 1.0;
				PRODUCT_BUNDLE_IDENTIFIER = "dev.ztrehagem.ZoomVideoSDK-iOS-Sample";
				PRODUCT_NAME = "$(TARGET_NAME)";
				SDKROOT = auto;
				SUPPORTED_PLATFORMS = "iphoneos iphonesimulator";
				SUPPORTS_MACCATALYST = NO;
				SWIFT_EMIT_LOC_STRINGS = YES;
				SWIFT_VERSION = 5.0;
				TARGETED_DEVICE_FAMILY = "1,2";
			};
			name = Debug;
		};
		B70BE3E52C7C5A260018803F /* Release */ = {
			isa = XCBuildConfiguration;
			buildSettings = {
				ALWAYS_EMBED_SWIFT_STANDARD_LIBRARIES = YES;
				ASSETCATALOG_COMPILER_APPICON_NAME = AppIcon;
				ASSETCATALOG_COMPILER_GLOBAL_ACCENT_COLOR_NAME = AccentColor;
				CODE_SIGN_ENTITLEMENTS = "ZoomVideoSDK-iOS-Sample/ZoomVideoSDK_iOS_Sample.entitlements";
				CODE_SIGN_STYLE = Automatic;
				CURRENT_PROJECT_VERSION = 1;
				DEVELOPMENT_ASSET_PATHS = "\"ZoomVideoSDK-iOS-Sample/Preview Content\"";
				DEVELOPMENT_TEAM = 6Y45PRF4XB;
				ENABLE_HARDENED_RUNTIME = YES;
				ENABLE_PREVIEWS = YES;
				GENERATE_INFOPLIST_FILE = YES;
				INFOPLIST_FILE = "ZoomVideoSDK-iOS-Sample/Info.plist";
				INFOPLIST_KEY_NSCameraUsageDescription = cameraDesciption;
				INFOPLIST_KEY_NSMicrophoneUsageDescription = microphoneDesciption;
				"INFOPLIST_KEY_UIApplicationSceneManifest_Generation[sdk=iphoneos*]" = YES;
				"INFOPLIST_KEY_UIApplicationSceneManifest_Generation[sdk=iphonesimulator*]" = YES;
				"INFOPLIST_KEY_UIApplicationSupportsIndirectInputEvents[sdk=iphoneos*]" = YES;
				"INFOPLIST_KEY_UIApplicationSupportsIndirectInputEvents[sdk=iphonesimulator*]" = YES;
				"INFOPLIST_KEY_UILaunchScreen_Generation[sdk=iphoneos*]" = YES;
				"INFOPLIST_KEY_UILaunchScreen_Generation[sdk=iphonesimulator*]" = YES;
				"INFOPLIST_KEY_UIStatusBarStyle[sdk=iphoneos*]" = UIStatusBarStyleDefault;
				"INFOPLIST_KEY_UIStatusBarStyle[sdk=iphonesimulator*]" = UIStatusBarStyleDefault;
				INFOPLIST_KEY_UISupportedInterfaceOrientations_iPad = "UIInterfaceOrientationPortrait UIInterfaceOrientationPortraitUpsideDown UIInterfaceOrientationLandscapeLeft UIInterfaceOrientationLandscapeRight";
				INFOPLIST_KEY_UISupportedInterfaceOrientations_iPhone = "UIInterfaceOrientationPortrait UIInterfaceOrientationLandscapeLeft UIInterfaceOrientationLandscapeRight";
				IPHONEOS_DEPLOYMENT_TARGET = 17.5;
				LD_RUNPATH_SEARCH_PATHS = "@executable_path/Frameworks";
				"LD_RUNPATH_SEARCH_PATHS[sdk=macosx*]" = "@executable_path/../Frameworks";
				MACOSX_DEPLOYMENT_TARGET = 14.5;
				MARKETING_VERSION = 1.0;
				PRODUCT_BUNDLE_IDENTIFIER = "dev.ztrehagem.ZoomVideoSDK-iOS-Sample";
				PRODUCT_NAME = "$(TARGET_NAME)";
				SDKROOT = auto;
				SUPPORTED_PLATFORMS = "iphoneos iphonesimulator";
				SUPPORTS_MACCATALYST = NO;
				SWIFT_EMIT_LOC_STRINGS = YES;
				SWIFT_VERSION = 5.0;
				TARGETED_DEVICE_FAMILY = "1,2";
			};
			name = Release;
		};
		B71587252C7DD36B002F1189 /* Debug */ = {
			isa = XCBuildConfiguration;
			buildSettings = {
				CLANG_ENABLE_MODULES = YES;
				CODE_SIGN_ENTITLEMENTS = ScreenShare/ScreenShare.entitlements;
				CODE_SIGN_STYLE = Automatic;
				CURRENT_PROJECT_VERSION = 1;
				DEVELOPMENT_TEAM = 6Y45PRF4XB;
				GENERATE_INFOPLIST_FILE = YES;
				INFOPLIST_FILE = ScreenShare/Info.plist;
				INFOPLIST_KEY_CFBundleDisplayName = ScreenShare;
				INFOPLIST_KEY_NSHumanReadableCopyright = "";
				IPHONEOS_DEPLOYMENT_TARGET = 17.5;
				LD_RUNPATH_SEARCH_PATHS = (
					"$(inherited)",
					"@executable_path/Frameworks",
					"@executable_path/../../Frameworks",
				);
				MARKETING_VERSION = 1.0;
				OTHER_LDFLAGS = "-lc++";
				PRODUCT_BUNDLE_IDENTIFIER = "dev.ztrehagem.ZoomVideoSDK-iOS-Sample.ScreenShare";
				PRODUCT_NAME = "$(TARGET_NAME)";
				SDKROOT = iphoneos;
				SKIP_INSTALL = YES;
				SUPPORTED_PLATFORMS = "iphoneos iphonesimulator";
				SUPPORTS_MACCATALYST = NO;
				SUPPORTS_MAC_DESIGNED_FOR_IPHONE_IPAD = NO;
				SUPPORTS_XR_DESIGNED_FOR_IPHONE_IPAD = NO;
				SWIFT_EMIT_LOC_STRINGS = YES;
				SWIFT_OBJC_BRIDGING_HEADER = "ScreenShare/ScreenShare-Bridging-Header.h";
				SWIFT_OPTIMIZATION_LEVEL = "-Onone";
				SWIFT_VERSION = 5.0;
				TARGETED_DEVICE_FAMILY = "1,2";
			};
			name = Debug;
		};
		B71587262C7DD36B002F1189 /* Release */ = {
			isa = XCBuildConfiguration;
			buildSettings = {
				CLANG_ENABLE_MODULES = YES;
				CODE_SIGN_ENTITLEMENTS = ScreenShare/ScreenShare.entitlements;
				CODE_SIGN_STYLE = Automatic;
				CURRENT_PROJECT_VERSION = 1;
				DEVELOPMENT_TEAM = 6Y45PRF4XB;
				GENERATE_INFOPLIST_FILE = YES;
				INFOPLIST_FILE = ScreenShare/Info.plist;
				INFOPLIST_KEY_CFBundleDisplayName = ScreenShare;
				INFOPLIST_KEY_NSHumanReadableCopyright = "";
				IPHONEOS_DEPLOYMENT_TARGET = 17.5;
				LD_RUNPATH_SEARCH_PATHS = (
					"$(inherited)",
					"@executable_path/Frameworks",
					"@executable_path/../../Frameworks",
				);
				MARKETING_VERSION = 1.0;
				OTHER_LDFLAGS = "-lc++";
				PRODUCT_BUNDLE_IDENTIFIER = "dev.ztrehagem.ZoomVideoSDK-iOS-Sample.ScreenShare";
				PRODUCT_NAME = "$(TARGET_NAME)";
				SDKROOT = iphoneos;
				SKIP_INSTALL = YES;
				SUPPORTED_PLATFORMS = "iphoneos iphonesimulator";
				SUPPORTS_MACCATALYST = NO;
				SUPPORTS_MAC_DESIGNED_FOR_IPHONE_IPAD = NO;
				SUPPORTS_XR_DESIGNED_FOR_IPHONE_IPAD = NO;
				SWIFT_EMIT_LOC_STRINGS = YES;
				SWIFT_OBJC_BRIDGING_HEADER = "ScreenShare/ScreenShare-Bridging-Header.h";
				SWIFT_VERSION = 5.0;
				TARGETED_DEVICE_FAMILY = "1,2";
				VALIDATE_PRODUCT = YES;
			};
			name = Release;
		};
/* End XCBuildConfiguration section */

/* Begin XCConfigurationList section */
		B70BE3CF2C7C5A220018803F /* Build configuration list for PBXProject "ZoomVideoSDK-iOS-Sample" */ = {
			isa = XCConfigurationList;
			buildConfigurations = (
				B70BE3E12C7C5A260018803F /* Debug */,
				B70BE3E22C7C5A260018803F /* Release */,
			);
			defaultConfigurationIsVisible = 0;
			defaultConfigurationName = Release;
		};
		B70BE3E32C7C5A260018803F /* Build configuration list for PBXNativeTarget "ZoomVideoSDK-iOS-Sample" */ = {
			isa = XCConfigurationList;
			buildConfigurations = (
				B70BE3E42C7C5A260018803F /* Debug */,
				B70BE3E52C7C5A260018803F /* Release */,
			);
			defaultConfigurationIsVisible = 0;
			defaultConfigurationName = Release;
		};
		B71587272C7DD36B002F1189 /* Build configuration list for PBXNativeTarget "ScreenShare" */ = {
			isa = XCConfigurationList;
			buildConfigurations = (
				B71587252C7DD36B002F1189 /* Debug */,
				B71587262C7DD36B002F1189 /* Release */,
			);
			defaultConfigurationIsVisible = 0;
			defaultConfigurationName = Release;
		};
/* End XCConfigurationList section */
	};
	rootObject = B70BE3CC2C7C5A220018803F /* Project object */;
}
